// !$*UTF8*$!
{
	archiveVersion = 1;
	classes = {
	};
	objectVersion = 46;
	objects = {

/* Begin PBXBuildFile section */
		884A38E11CB1678C00627882 /* AppDelegate.swift in Sources */ = {isa = PBXBuildFile; fileRef = 884A38E01CB1678C00627882 /* AppDelegate.swift */; };
		884A38E31CB1678C00627882 /* StandbyViewController.swift in Sources */ = {isa = PBXBuildFile; fileRef = 884A38E21CB1678C00627882 /* StandbyViewController.swift */; };
		884A38E61CB1678C00627882 /* Main.storyboard in Resources */ = {isa = PBXBuildFile; fileRef = 884A38E41CB1678C00627882 /* Main.storyboard */; };
		884A38E81CB1678C00627882 /* Assets.xcassets in Resources */ = {isa = PBXBuildFile; fileRef = 884A38E71CB1678C00627882 /* Assets.xcassets */; };
		884A38EB1CB1678C00627882 /* LaunchScreen.storyboard in Resources */ = {isa = PBXBuildFile; fileRef = 884A38E91CB1678C00627882 /* LaunchScreen.storyboard */; };
		884A38F61CB1678C00627882 /* openSensorAppTests.swift in Sources */ = {isa = PBXBuildFile; fileRef = 884A38F51CB1678C00627882 /* openSensorAppTests.swift */; };
		884A39011CB1678C00627882 /* openSensorAppUITests.swift in Sources */ = {isa = PBXBuildFile; fileRef = 884A39001CB1678C00627882 /* openSensorAppUITests.swift */; };
		884A39171CB169A700627882 /* Brightness.swift in Sources */ = {isa = PBXBuildFile; fileRef = 884A39161CB169A700627882 /* Brightness.swift */; };
		884A391E1CB16B8D00627882 /* BrightnessSettingViewController.swift in Sources */ = {isa = PBXBuildFile; fileRef = 884A391C1CB16B8D00627882 /* BrightnessSettingViewController.swift */; };
		884A391F1CB16B8D00627882 /* BrightnessSettingViewController.xib in Resources */ = {isa = PBXBuildFile; fileRef = 884A391D1CB16B8D00627882 /* BrightnessSettingViewController.xib */; };
		884A39231CB1C5BC00627882 /* GeneralSettingsTableViewController.swift in Sources */ = {isa = PBXBuildFile; fileRef = 884A39221CB1C5BC00627882 /* GeneralSettingsTableViewController.swift */; };
		884A39271CB1D18400627882 /* SensorActionSettingsHelper.swift in Sources */ = {isa = PBXBuildFile; fileRef = 884A39261CB1D18400627882 /* SensorActionSettingsHelper.swift */; };
		884A392B1CB1ECDD00627882 /* SensorProtocol.swift in Sources */ = {isa = PBXBuildFile; fileRef = 884A392A1CB1ECDD00627882 /* SensorProtocol.swift */; };
		884A393A1CB2D12D00627882 /* SelectSensorViewController.swift in Sources */ = {isa = PBXBuildFile; fileRef = 884A39381CB2D12D00627882 /* SelectSensorViewController.swift */; };
		884A393B1CB2D12D00627882 /* SelectSensorViewController.xib in Resources */ = {isa = PBXBuildFile; fileRef = 884A39391CB2D12D00627882 /* SelectSensorViewController.xib */; };
		884A393E1CB2D14A00627882 /* SelectActionViewController.swift in Sources */ = {isa = PBXBuildFile; fileRef = 884A393C1CB2D14A00627882 /* SelectActionViewController.swift */; };
		884A393F1CB2D14A00627882 /* SelectActionViewController.xib in Resources */ = {isa = PBXBuildFile; fileRef = 884A393D1CB2D14A00627882 /* SelectActionViewController.xib */; };
		884A39421CB2D47A00627882 /* SaveSensorActionSettingsViewController.swift in Sources */ = {isa = PBXBuildFile; fileRef = 884A39401CB2D47A00627882 /* SaveSensorActionSettingsViewController.swift */; };
		884A39431CB2D47A00627882 /* SaveSensorActionSettingsViewController.xib in Resources */ = {isa = PBXBuildFile; fileRef = 884A39411CB2D47A00627882 /* SaveSensorActionSettingsViewController.xib */; };
		884A39891CB37F4F00627882 /* ErrorAlertHelper.swift in Sources */ = {isa = PBXBuildFile; fileRef = 884A39881CB37F4F00627882 /* ErrorAlertHelper.swift */; };
		884A398B1CB3CBEF00627882 /* SensorSettingViewControllerProtocol.swift in Sources */ = {isa = PBXBuildFile; fileRef = 884A398A1CB3CBEF00627882 /* SensorSettingViewControllerProtocol.swift */; };
		884A398D1CB3F78E00627882 /* sensorNameList.plist in Resources */ = {isa = PBXBuildFile; fileRef = 884A398C1CB3F78E00627882 /* sensorNameList.plist */; };
		884A398F1CB3F7A600627882 /* actionNameList.plist in Resources */ = {isa = PBXBuildFile; fileRef = 884A398E1CB3F7A600627882 /* actionNameList.plist */; };
		884A39931CB52ED600627882 /* MediaPlayer.framework in Frameworks */ = {isa = PBXBuildFile; fileRef = 884A39921CB52ED600627882 /* MediaPlayer.framework */; };
		884A399C1CB7AFEF00627882 /* ActionProtocol.swift in Sources */ = {isa = PBXBuildFile; fileRef = 884A39971CB7AFEF00627882 /* ActionProtocol.swift */; };
		884A399D1CB7AFEF00627882 /* ActionSettingViewControllerProtocol.swift in Sources */ = {isa = PBXBuildFile; fileRef = 884A39981CB7AFEF00627882 /* ActionSettingViewControllerProtocol.swift */; };
		884A399E1CB7AFEF00627882 /* AudioPlay.swift in Sources */ = {isa = PBXBuildFile; fileRef = 884A39991CB7AFEF00627882 /* AudioPlay.swift */; };
		884A399F1CB7AFEF00627882 /* AudioPlaySettingViewController.swift in Sources */ = {isa = PBXBuildFile; fileRef = 884A399A1CB7AFEF00627882 /* AudioPlaySettingViewController.swift */; };
		884A39A01CB7AFEF00627882 /* AudioPlaySettingViewController.xib in Resources */ = {isa = PBXBuildFile; fileRef = 884A399B1CB7AFEF00627882 /* AudioPlaySettingViewController.xib */; };
		884A39A21CB7B2BB00627882 /* Proximity.swift in Sources */ = {isa = PBXBuildFile; fileRef = 884A39A11CB7B2BB00627882 /* Proximity.swift */; };
		884A39A51CB7B5A200627882 /* ProximitySettingViewController.swift in Sources */ = {isa = PBXBuildFile; fileRef = 884A39A31CB7B5A200627882 /* ProximitySettingViewController.swift */; };
		884A39A61CB7B5A200627882 /* ProximitySettingViewController.xib in Resources */ = {isa = PBXBuildFile; fileRef = 884A39A41CB7B5A200627882 /* ProximitySettingViewController.xib */; };
		884A39A81CB7C5E000627882 /* Shake.swift in Sources */ = {isa = PBXBuildFile; fileRef = 884A39A71CB7C5E000627882 /* Shake.swift */; };
		884A39AA1CB7C7EE00627882 /* ShakeFirstResponderDummy.swift in Sources */ = {isa = PBXBuildFile; fileRef = 884A39A91CB7C7EE00627882 /* ShakeFirstResponderDummy.swift */; };
		884A39AD1CB7C90700627882 /* ShakeSettingViewController.swift in Sources */ = {isa = PBXBuildFile; fileRef = 884A39AB1CB7C90700627882 /* ShakeSettingViewController.swift */; };
		884A39AE1CB7C90700627882 /* ShakeSettingViewController.xib in Resources */ = {isa = PBXBuildFile; fileRef = 884A39AC1CB7C90700627882 /* ShakeSettingViewController.xib */; };
		884A39AF1CB7D69700627882 /* README.md in Resources */ = {isa = PBXBuildFile; fileRef = 884A39941CB7ACD000627882 /* README.md */; };
/* End PBXBuildFile section */

/* Begin PBXContainerItemProxy section */
		884A38F21CB1678C00627882 /* PBXContainerItemProxy */ = {
			isa = PBXContainerItemProxy;
			containerPortal = 884A38D51CB1678C00627882 /* Project object */;
			proxyType = 1;
			remoteGlobalIDString = 884A38DC1CB1678C00627882;
			remoteInfo = openSensorApp;
		};
		884A38FD1CB1678C00627882 /* PBXContainerItemProxy */ = {
			isa = PBXContainerItemProxy;
			containerPortal = 884A38D51CB1678C00627882 /* Project object */;
			proxyType = 1;
			remoteGlobalIDString = 884A38DC1CB1678C00627882;
			remoteInfo = openSensorApp;
		};
/* End PBXContainerItemProxy section */

/* Begin PBXFileReference section */
		884A38DD1CB1678C00627882 /* openSensorApp.app */ = {isa = PBXFileReference; explicitFileType = wrapper.application; includeInIndex = 0; path = openSensorApp.app; sourceTree = BUILT_PRODUCTS_DIR; };
		884A38E01CB1678C00627882 /* AppDelegate.swift */ = {isa = PBXFileReference; lastKnownFileType = sourcecode.swift; path = AppDelegate.swift; sourceTree = "<group>"; };
		884A38E21CB1678C00627882 /* StandbyViewController.swift */ = {isa = PBXFileReference; lastKnownFileType = sourcecode.swift; path = StandbyViewController.swift; sourceTree = "<group>"; };
		884A38E51CB1678C00627882 /* Base */ = {isa = PBXFileReference; lastKnownFileType = file.storyboard; name = Base; path = Base.lproj/Main.storyboard; sourceTree = "<group>"; };
		884A38E71CB1678C00627882 /* Assets.xcassets */ = {isa = PBXFileReference; lastKnownFileType = folder.assetcatalog; path = Assets.xcassets; sourceTree = "<group>"; };
		884A38EA1CB1678C00627882 /* Base */ = {isa = PBXFileReference; lastKnownFileType = file.storyboard; name = Base; path = Base.lproj/LaunchScreen.storyboard; sourceTree = "<group>"; };
		884A38EC1CB1678C00627882 /* Info.plist */ = {isa = PBXFileReference; lastKnownFileType = text.plist.xml; path = Info.plist; sourceTree = "<group>"; };
		884A38F11CB1678C00627882 /* openSensorAppTests.xctest */ = {isa = PBXFileReference; explicitFileType = wrapper.cfbundle; includeInIndex = 0; path = openSensorAppTests.xctest; sourceTree = BUILT_PRODUCTS_DIR; };
		884A38F51CB1678C00627882 /* openSensorAppTests.swift */ = {isa = PBXFileReference; lastKnownFileType = sourcecode.swift; path = openSensorAppTests.swift; sourceTree = "<group>"; };
		884A38F71CB1678C00627882 /* Info.plist */ = {isa = PBXFileReference; lastKnownFileType = text.plist.xml; path = Info.plist; sourceTree = "<group>"; };
		884A38FC1CB1678C00627882 /* openSensorAppUITests.xctest */ = {isa = PBXFileReference; explicitFileType = wrapper.cfbundle; includeInIndex = 0; path = openSensorAppUITests.xctest; sourceTree = BUILT_PRODUCTS_DIR; };
		884A39001CB1678C00627882 /* openSensorAppUITests.swift */ = {isa = PBXFileReference; lastKnownFileType = sourcecode.swift; path = openSensorAppUITests.swift; sourceTree = "<group>"; };
		884A39021CB1678C00627882 /* Info.plist */ = {isa = PBXFileReference; lastKnownFileType = text.plist.xml; path = Info.plist; sourceTree = "<group>"; };
		884A39161CB169A700627882 /* Brightness.swift */ = {isa = PBXFileReference; fileEncoding = 4; lastKnownFileType = sourcecode.swift; path = Brightness.swift; sourceTree = "<group>"; };
		884A391C1CB16B8D00627882 /* BrightnessSettingViewController.swift */ = {isa = PBXFileReference; fileEncoding = 4; lastKnownFileType = sourcecode.swift; path = BrightnessSettingViewController.swift; sourceTree = "<group>"; };
		884A391D1CB16B8D00627882 /* BrightnessSettingViewController.xib */ = {isa = PBXFileReference; fileEncoding = 4; lastKnownFileType = file.xib; path = BrightnessSettingViewController.xib; sourceTree = "<group>"; };
		884A39221CB1C5BC00627882 /* GeneralSettingsTableViewController.swift */ = {isa = PBXFileReference; fileEncoding = 4; lastKnownFileType = sourcecode.swift; path = GeneralSettingsTableViewController.swift; sourceTree = "<group>"; };
		884A39261CB1D18400627882 /* SensorActionSettingsHelper.swift */ = {isa = PBXFileReference; fileEncoding = 4; lastKnownFileType = sourcecode.swift; path = SensorActionSettingsHelper.swift; sourceTree = "<group>"; };
		884A392A1CB1ECDD00627882 /* SensorProtocol.swift */ = {isa = PBXFileReference; fileEncoding = 4; lastKnownFileType = sourcecode.swift; path = SensorProtocol.swift; sourceTree = "<group>"; };
		884A39381CB2D12D00627882 /* SelectSensorViewController.swift */ = {isa = PBXFileReference; fileEncoding = 4; lastKnownFileType = sourcecode.swift; path = SelectSensorViewController.swift; sourceTree = "<group>"; };
		884A39391CB2D12D00627882 /* SelectSensorViewController.xib */ = {isa = PBXFileReference; fileEncoding = 4; lastKnownFileType = file.xib; path = SelectSensorViewController.xib; sourceTree = "<group>"; };
		884A393C1CB2D14A00627882 /* SelectActionViewController.swift */ = {isa = PBXFileReference; fileEncoding = 4; lastKnownFileType = sourcecode.swift; path = SelectActionViewController.swift; sourceTree = "<group>"; };
		884A393D1CB2D14A00627882 /* SelectActionViewController.xib */ = {isa = PBXFileReference; fileEncoding = 4; lastKnownFileType = file.xib; path = SelectActionViewController.xib; sourceTree = "<group>"; };
		884A39401CB2D47A00627882 /* SaveSensorActionSettingsViewController.swift */ = {isa = PBXFileReference; fileEncoding = 4; lastKnownFileType = sourcecode.swift; path = SaveSensorActionSettingsViewController.swift; sourceTree = "<group>"; };
		884A39411CB2D47A00627882 /* SaveSensorActionSettingsViewController.xib */ = {isa = PBXFileReference; fileEncoding = 4; lastKnownFileType = file.xib; path = SaveSensorActionSettingsViewController.xib; sourceTree = "<group>"; };
		884A39881CB37F4F00627882 /* ErrorAlertHelper.swift */ = {isa = PBXFileReference; fileEncoding = 4; lastKnownFileType = sourcecode.swift; path = ErrorAlertHelper.swift; sourceTree = "<group>"; };
		884A398A1CB3CBEF00627882 /* SensorSettingViewControllerProtocol.swift */ = {isa = PBXFileReference; fileEncoding = 4; lastKnownFileType = sourcecode.swift; path = SensorSettingViewControllerProtocol.swift; sourceTree = "<group>"; };
		884A398C1CB3F78E00627882 /* sensorNameList.plist */ = {isa = PBXFileReference; fileEncoding = 4; lastKnownFileType = text.plist.xml; name = sensorNameList.plist; path = ../sensorNameList.plist; sourceTree = "<group>"; };
		884A398E1CB3F7A600627882 /* actionNameList.plist */ = {isa = PBXFileReference; fileEncoding = 4; lastKnownFileType = text.plist.xml; name = actionNameList.plist; path = ../actionNameList.plist; sourceTree = "<group>"; };
		884A39921CB52ED600627882 /* MediaPlayer.framework */ = {isa = PBXFileReference; lastKnownFileType = wrapper.framework; name = MediaPlayer.framework; path = System/Library/Frameworks/MediaPlayer.framework; sourceTree = SDKROOT; };
		884A39941CB7ACD000627882 /* README.md */ = {isa = PBXFileReference; fileEncoding = 4; lastKnownFileType = net.daringfireball.markdown; path = README.md; sourceTree = "<group>"; };
		884A39971CB7AFEF00627882 /* ActionProtocol.swift */ = {isa = PBXFileReference; fileEncoding = 4; lastKnownFileType = sourcecode.swift; path = ActionProtocol.swift; sourceTree = "<group>"; };
		884A39981CB7AFEF00627882 /* ActionSettingViewControllerProtocol.swift */ = {isa = PBXFileReference; fileEncoding = 4; lastKnownFileType = sourcecode.swift; path = ActionSettingViewControllerProtocol.swift; sourceTree = "<group>"; };
		884A39991CB7AFEF00627882 /* AudioPlay.swift */ = {isa = PBXFileReference; fileEncoding = 4; lastKnownFileType = sourcecode.swift; path = AudioPlay.swift; sourceTree = "<group>"; };
		884A399A1CB7AFEF00627882 /* AudioPlaySettingViewController.swift */ = {isa = PBXFileReference; fileEncoding = 4; lastKnownFileType = sourcecode.swift; path = AudioPlaySettingViewController.swift; sourceTree = "<group>"; };
		884A399B1CB7AFEF00627882 /* AudioPlaySettingViewController.xib */ = {isa = PBXFileReference; fileEncoding = 4; lastKnownFileType = file.xib; path = AudioPlaySettingViewController.xib; sourceTree = "<group>"; };
		884A39A11CB7B2BB00627882 /* Proximity.swift */ = {isa = PBXFileReference; fileEncoding = 4; lastKnownFileType = sourcecode.swift; path = Proximity.swift; sourceTree = "<group>"; };
		884A39A31CB7B5A200627882 /* ProximitySettingViewController.swift */ = {isa = PBXFileReference; fileEncoding = 4; lastKnownFileType = sourcecode.swift; path = ProximitySettingViewController.swift; sourceTree = "<group>"; };
		884A39A41CB7B5A200627882 /* ProximitySettingViewController.xib */ = {isa = PBXFileReference; fileEncoding = 4; lastKnownFileType = file.xib; path = ProximitySettingViewController.xib; sourceTree = "<group>"; };
		884A39A71CB7C5E000627882 /* Shake.swift */ = {isa = PBXFileReference; fileEncoding = 4; lastKnownFileType = sourcecode.swift; path = Shake.swift; sourceTree = "<group>"; };
		884A39A91CB7C7EE00627882 /* ShakeFirstResponderDummy.swift */ = {isa = PBXFileReference; fileEncoding = 4; lastKnownFileType = sourcecode.swift; path = ShakeFirstResponderDummy.swift; sourceTree = "<group>"; };
		884A39AB1CB7C90700627882 /* ShakeSettingViewController.swift */ = {isa = PBXFileReference; fileEncoding = 4; lastKnownFileType = sourcecode.swift; path = ShakeSettingViewController.swift; sourceTree = "<group>"; };
		884A39AC1CB7C90700627882 /* ShakeSettingViewController.xib */ = {isa = PBXFileReference; fileEncoding = 4; lastKnownFileType = file.xib; path = ShakeSettingViewController.xib; sourceTree = "<group>"; };
/* End PBXFileReference section */

/* Begin PBXFrameworksBuildPhase section */
		884A38DA1CB1678C00627882 /* Frameworks */ = {
			isa = PBXFrameworksBuildPhase;
			buildActionMask = 2147483647;
			files = (
				884A39931CB52ED600627882 /* MediaPlayer.framework in Frameworks */,
			);
			runOnlyForDeploymentPostprocessing = 0;
		};
		884A38EE1CB1678C00627882 /* Frameworks */ = {
			isa = PBXFrameworksBuildPhase;
			buildActionMask = 2147483647;
			files = (
			);
			runOnlyForDeploymentPostprocessing = 0;
		};
		884A38F91CB1678C00627882 /* Frameworks */ = {
			isa = PBXFrameworksBuildPhase;
			buildActionMask = 2147483647;
			files = (
			);
			runOnlyForDeploymentPostprocessing = 0;
		};
/* End PBXFrameworksBuildPhase section */

/* Begin PBXGroup section */
		884A38D41CB1678C00627882 = {
			isa = PBXGroup;
			children = (
				884A39941CB7ACD000627882 /* README.md */,
				884A39921CB52ED600627882 /* MediaPlayer.framework */,
				884A38DF1CB1678C00627882 /* openSensorApp */,
				884A38F41CB1678C00627882 /* openSensorAppTests */,
				884A38FF1CB1678C00627882 /* openSensorAppUITests */,
				884A38DE1CB1678C00627882 /* Products */,
			);
			sourceTree = "<group>";
		};
		884A38DE1CB1678C00627882 /* Products */ = {
			isa = PBXGroup;
			children = (
				884A38DD1CB1678C00627882 /* openSensorApp.app */,
				884A38F11CB1678C00627882 /* openSensorAppTests.xctest */,
				884A38FC1CB1678C00627882 /* openSensorAppUITests.xctest */,
			);
			name = Products;
			sourceTree = "<group>";
		};
		884A38DF1CB1678C00627882 /* openSensorApp */ = {
			isa = PBXGroup;
			children = (
				884A39141CB1697600627882 /* Sensor */,
				884A39961CB7AFEF00627882 /* Action */,
				884A38E01CB1678C00627882 /* AppDelegate.swift */,
				884A38E21CB1678C00627882 /* StandbyViewController.swift */,
				884A39221CB1C5BC00627882 /* GeneralSettingsTableViewController.swift */,
				884A39381CB2D12D00627882 /* SelectSensorViewController.swift */,
				884A39391CB2D12D00627882 /* SelectSensorViewController.xib */,
				884A393C1CB2D14A00627882 /* SelectActionViewController.swift */,
				884A393D1CB2D14A00627882 /* SelectActionViewController.xib */,
				884A39401CB2D47A00627882 /* SaveSensorActionSettingsViewController.swift */,
				884A39411CB2D47A00627882 /* SaveSensorActionSettingsViewController.xib */,
				884A39261CB1D18400627882 /* SensorActionSettingsHelper.swift */,
				884A39881CB37F4F00627882 /* ErrorAlertHelper.swift */,
				884A38E41CB1678C00627882 /* Main.storyboard */,
				884A38E91CB1678C00627882 /* LaunchScreen.storyboard */,
				884A38E71CB1678C00627882 /* Assets.xcassets */,
				884A38EC1CB1678C00627882 /* Info.plist */,
				884A398C1CB3F78E00627882 /* sensorNameList.plist */,
				884A398E1CB3F7A600627882 /* actionNameList.plist */,
			);
			path = openSensorApp;
			sourceTree = "<group>";
		};
		884A38F41CB1678C00627882 /* openSensorAppTests */ = {
			isa = PBXGroup;
			children = (
				884A38F51CB1678C00627882 /* openSensorAppTests.swift */,
				884A38F71CB1678C00627882 /* Info.plist */,
			);
			path = openSensorAppTests;
			sourceTree = "<group>";
		};
		884A38FF1CB1678C00627882 /* openSensorAppUITests */ = {
			isa = PBXGroup;
			children = (
				884A39001CB1678C00627882 /* openSensorAppUITests.swift */,
				884A39021CB1678C00627882 /* Info.plist */,
			);
			path = openSensorAppUITests;
			sourceTree = "<group>";
		};
		884A39141CB1697600627882 /* Sensor */ = {
			isa = PBXGroup;
			children = (
				884A392A1CB1ECDD00627882 /* SensorProtocol.swift */,
				884A398A1CB3CBEF00627882 /* SensorSettingViewControllerProtocol.swift */,
				884A39161CB169A700627882 /* Brightness.swift */,
				884A391C1CB16B8D00627882 /* BrightnessSettingViewController.swift */,
				884A391D1CB16B8D00627882 /* BrightnessSettingViewController.xib */,
				884A39A11CB7B2BB00627882 /* Proximity.swift */,
				884A39A31CB7B5A200627882 /* ProximitySettingViewController.swift */,
				884A39A41CB7B5A200627882 /* ProximitySettingViewController.xib */,
				884A39A71CB7C5E000627882 /* Shake.swift */,
				884A39A91CB7C7EE00627882 /* ShakeFirstResponderDummy.swift */,
				884A39AB1CB7C90700627882 /* ShakeSettingViewController.swift */,
				884A39AC1CB7C90700627882 /* ShakeSettingViewController.xib */,
			);
			path = Sensor;
			sourceTree = "<group>";
		};
		884A39961CB7AFEF00627882 /* Action */ = {
			isa = PBXGroup;
			children = (
				884A39971CB7AFEF00627882 /* ActionProtocol.swift */,
				884A39981CB7AFEF00627882 /* ActionSettingViewControllerProtocol.swift */,
				884A39991CB7AFEF00627882 /* AudioPlay.swift */,
				884A399A1CB7AFEF00627882 /* AudioPlaySettingViewController.swift */,
				884A399B1CB7AFEF00627882 /* AudioPlaySettingViewController.xib */,
			);
			path = Action;
			sourceTree = "<group>";
		};
/* End PBXGroup section */

/* Begin PBXNativeTarget section */
		884A38DC1CB1678C00627882 /* openSensorApp */ = {
			isa = PBXNativeTarget;
			buildConfigurationList = 884A39051CB1678C00627882 /* Build configuration list for PBXNativeTarget "openSensorApp" */;
			buildPhases = (
				884A38D91CB1678C00627882 /* Sources */,
				884A38DA1CB1678C00627882 /* Frameworks */,
				884A38DB1CB1678C00627882 /* Resources */,
			);
			buildRules = (
			);
			dependencies = (
			);
			name = openSensorApp;
			productName = openSensorApp;
			productReference = 884A38DD1CB1678C00627882 /* openSensorApp.app */;
			productType = "com.apple.product-type.application";
		};
		884A38F01CB1678C00627882 /* openSensorAppTests */ = {
			isa = PBXNativeTarget;
			buildConfigurationList = 884A39081CB1678C00627882 /* Build configuration list for PBXNativeTarget "openSensorAppTests" */;
			buildPhases = (
				884A38ED1CB1678C00627882 /* Sources */,
				884A38EE1CB1678C00627882 /* Frameworks */,
				884A38EF1CB1678C00627882 /* Resources */,
			);
			buildRules = (
			);
			dependencies = (
				884A38F31CB1678C00627882 /* PBXTargetDependency */,
			);
			name = openSensorAppTests;
			productName = openSensorAppTests;
			productReference = 884A38F11CB1678C00627882 /* openSensorAppTests.xctest */;
			productType = "com.apple.product-type.bundle.unit-test";
		};
		884A38FB1CB1678C00627882 /* openSensorAppUITests */ = {
			isa = PBXNativeTarget;
			buildConfigurationList = 884A390B1CB1678C00627882 /* Build configuration list for PBXNativeTarget "openSensorAppUITests" */;
			buildPhases = (
				884A38F81CB1678C00627882 /* Sources */,
				884A38F91CB1678C00627882 /* Frameworks */,
				884A38FA1CB1678C00627882 /* Resources */,
			);
			buildRules = (
			);
			dependencies = (
				884A38FE1CB1678C00627882 /* PBXTargetDependency */,
			);
			name = openSensorAppUITests;
			productName = openSensorAppUITests;
			productReference = 884A38FC1CB1678C00627882 /* openSensorAppUITests.xctest */;
			productType = "com.apple.product-type.bundle.ui-testing";
		};
/* End PBXNativeTarget section */

/* Begin PBXProject section */
		884A38D51CB1678C00627882 /* Project object */ = {
			isa = PBXProject;
			attributes = {
				LastSwiftUpdateCheck = 0730;
				LastUpgradeCheck = 0730;
				ORGANIZATIONNAME = oubakiou;
				TargetAttributes = {
					884A38DC1CB1678C00627882 = {
						CreatedOnToolsVersion = 7.3;
						DevelopmentTeam = 942XTY26NK;
					};
					884A38F01CB1678C00627882 = {
						CreatedOnToolsVersion = 7.3;
						TestTargetID = 884A38DC1CB1678C00627882;
					};
					884A38FB1CB1678C00627882 = {
						CreatedOnToolsVersion = 7.3;
						TestTargetID = 884A38DC1CB1678C00627882;
					};
				};
			};
			buildConfigurationList = 884A38D81CB1678C00627882 /* Build configuration list for PBXProject "openSensorApp" */;
			compatibilityVersion = "Xcode 3.2";
			developmentRegion = English;
			hasScannedForEncodings = 0;
			knownRegions = (
				en,
				Base,
			);
			mainGroup = 884A38D41CB1678C00627882;
			productRefGroup = 884A38DE1CB1678C00627882 /* Products */;
			projectDirPath = "";
			projectRoot = "";
			targets = (
				884A38DC1CB1678C00627882 /* openSensorApp */,
				884A38F01CB1678C00627882 /* openSensorAppTests */,
				884A38FB1CB1678C00627882 /* openSensorAppUITests */,
			);
		};
/* End PBXProject section */

/* Begin PBXResourcesBuildPhase section */
		884A38DB1CB1678C00627882 /* Resources */ = {
			isa = PBXResourcesBuildPhase;
			buildActionMask = 2147483647;
			files = (
				884A39AF1CB7D69700627882 /* README.md in Resources */,
				884A393B1CB2D12D00627882 /* SelectSensorViewController.xib in Resources */,
				884A393F1CB2D14A00627882 /* SelectActionViewController.xib in Resources */,
				884A39431CB2D47A00627882 /* SaveSensorActionSettingsViewController.xib in Resources */,
				884A38EB1CB1678C00627882 /* LaunchScreen.storyboard in Resources */,
				884A39AE1CB7C90700627882 /* ShakeSettingViewController.xib in Resources */,
				884A38E81CB1678C00627882 /* Assets.xcassets in Resources */,
				884A391F1CB16B8D00627882 /* BrightnessSettingViewController.xib in Resources */,
				884A38E61CB1678C00627882 /* Main.storyboard in Resources */,
				884A398D1CB3F78E00627882 /* sensorNameList.plist in Resources */,
				884A39A61CB7B5A200627882 /* ProximitySettingViewController.xib in Resources */,
				884A39A01CB7AFEF00627882 /* AudioPlaySettingViewController.xib in Resources */,
				884A398F1CB3F7A600627882 /* actionNameList.plist in Resources */,
			);
			runOnlyForDeploymentPostprocessing = 0;
		};
		884A38EF1CB1678C00627882 /* Resources */ = {
			isa = PBXResourcesBuildPhase;
			buildActionMask = 2147483647;
			files = (
			);
			runOnlyForDeploymentPostprocessing = 0;
		};
		884A38FA1CB1678C00627882 /* Resources */ = {
			isa = PBXResourcesBuildPhase;
			buildActionMask = 2147483647;
			files = (
			);
			runOnlyForDeploymentPostprocessing = 0;
		};
/* End PBXResourcesBuildPhase section */

/* Begin PBXSourcesBuildPhase section */
		884A38D91CB1678C00627882 /* Sources */ = {
			isa = PBXSourcesBuildPhase;
			buildActionMask = 2147483647;
			files = (
				884A39271CB1D18400627882 /* SensorActionSettingsHelper.swift in Sources */,
				884A38E31CB1678C00627882 /* StandbyViewController.swift in Sources */,
				884A399F1CB7AFEF00627882 /* AudioPlaySettingViewController.swift in Sources */,
				884A399E1CB7AFEF00627882 /* AudioPlay.swift in Sources */,
				884A39AD1CB7C90700627882 /* ShakeSettingViewController.swift in Sources */,
				884A39891CB37F4F00627882 /* ErrorAlertHelper.swift in Sources */,
				884A39A21CB7B2BB00627882 /* Proximity.swift in Sources */,
				884A39A81CB7C5E000627882 /* Shake.swift in Sources */,
				884A391E1CB16B8D00627882 /* BrightnessSettingViewController.swift in Sources */,
				884A392B1CB1ECDD00627882 /* SensorProtocol.swift in Sources */,
				884A39A51CB7B5A200627882 /* ProximitySettingViewController.swift in Sources */,
				884A393A1CB2D12D00627882 /* SelectSensorViewController.swift in Sources */,
				884A399D1CB7AFEF00627882 /* ActionSettingViewControllerProtocol.swift in Sources */,
				884A39171CB169A700627882 /* Brightness.swift in Sources */,
				884A393E1CB2D14A00627882 /* SelectActionViewController.swift in Sources */,
				884A399C1CB7AFEF00627882 /* ActionProtocol.swift in Sources */,
				884A39AA1CB7C7EE00627882 /* ShakeFirstResponderDummy.swift in Sources */,
				884A398B1CB3CBEF00627882 /* SensorSettingViewControllerProtocol.swift in Sources */,
				884A39421CB2D47A00627882 /* SaveSensorActionSettingsViewController.swift in Sources */,
				884A39231CB1C5BC00627882 /* GeneralSettingsTableViewController.swift in Sources */,
				884A38E11CB1678C00627882 /* AppDelegate.swift in Sources */,
			);
			runOnlyForDeploymentPostprocessing = 0;
		};
		884A38ED1CB1678C00627882 /* Sources */ = {
			isa = PBXSourcesBuildPhase;
			buildActionMask = 2147483647;
			files = (
				884A38F61CB1678C00627882 /* openSensorAppTests.swift in Sources */,
			);
			runOnlyForDeploymentPostprocessing = 0;
		};
		884A38F81CB1678C00627882 /* Sources */ = {
			isa = PBXSourcesBuildPhase;
			buildActionMask = 2147483647;
			files = (
				884A39011CB1678C00627882 /* openSensorAppUITests.swift in Sources */,
			);
			runOnlyForDeploymentPostprocessing = 0;
		};
/* End PBXSourcesBuildPhase section */

/* Begin PBXTargetDependency section */
		884A38F31CB1678C00627882 /* PBXTargetDependency */ = {
			isa = PBXTargetDependency;
			target = 884A38DC1CB1678C00627882 /* openSensorApp */;
			targetProxy = 884A38F21CB1678C00627882 /* PBXContainerItemProxy */;
		};
		884A38FE1CB1678C00627882 /* PBXTargetDependency */ = {
			isa = PBXTargetDependency;
			target = 884A38DC1CB1678C00627882 /* openSensorApp */;
			targetProxy = 884A38FD1CB1678C00627882 /* PBXContainerItemProxy */;
		};
/* End PBXTargetDependency section */

/* Begin PBXVariantGroup section */
		884A38E41CB1678C00627882 /* Main.storyboard */ = {
			isa = PBXVariantGroup;
			children = (
				884A38E51CB1678C00627882 /* Base */,
			);
			name = Main.storyboard;
			sourceTree = "<group>";
		};
		884A38E91CB1678C00627882 /* LaunchScreen.storyboard */ = {
			isa = PBXVariantGroup;
			children = (
				884A38EA1CB1678C00627882 /* Base */,
			);
			name = LaunchScreen.storyboard;
			sourceTree = "<group>";
		};
/* End PBXVariantGroup section */

/* Begin XCBuildConfiguration section */
		884A39031CB1678C00627882 /* Debug */ = {
			isa = XCBuildConfiguration;
			buildSettings = {
				ALWAYS_SEARCH_USER_PATHS = NO;
				CLANG_ANALYZER_NONNULL = YES;
				CLANG_CXX_LANGUAGE_STANDARD = "gnu++0x";
				CLANG_CXX_LIBRARY = "libc++";
				CLANG_ENABLE_MODULES = YES;
				CLANG_ENABLE_OBJC_ARC = YES;
				CLANG_WARN_BOOL_CONVERSION = YES;
				CLANG_WARN_CONSTANT_CONVERSION = YES;
				CLANG_WARN_DIRECT_OBJC_ISA_USAGE = YES_ERROR;
				CLANG_WARN_EMPTY_BODY = YES;
				CLANG_WARN_ENUM_CONVERSION = YES;
				CLANG_WARN_INT_CONVERSION = YES;
				CLANG_WARN_OBJC_ROOT_CLASS = YES_ERROR;
				CLANG_WARN_UNREACHABLE_CODE = YES;
				CLANG_WARN__DUPLICATE_METHOD_MATCH = YES;
				"CODE_SIGN_IDENTITY[sdk=iphoneos*]" = "iPhone Developer";
				COPY_PHASE_STRIP = NO;
				DEBUG_INFORMATION_FORMAT = dwarf;
				ENABLE_STRICT_OBJC_MSGSEND = YES;
				ENABLE_TESTABILITY = YES;
				GCC_C_LANGUAGE_STANDARD = gnu99;
				GCC_DYNAMIC_NO_PIC = NO;
				GCC_NO_COMMON_BLOCKS = YES;
				GCC_OPTIMIZATION_LEVEL = 0;
				GCC_PREPROCESSOR_DEFINITIONS = (
					"DEBUG=1",
					"$(inherited)",
				);
				GCC_WARN_64_TO_32_BIT_CONVERSION = YES;
				GCC_WARN_ABOUT_RETURN_TYPE = YES_ERROR;
				GCC_WARN_UNDECLARED_SELECTOR = YES;
				GCC_WARN_UNINITIALIZED_AUTOS = YES_AGGRESSIVE;
				GCC_WARN_UNUSED_FUNCTION = YES;
				GCC_WARN_UNUSED_VARIABLE = YES;
				IPHONEOS_DEPLOYMENT_TARGET = 9.3;
				MTL_ENABLE_DEBUG_INFO = YES;
				ONLY_ACTIVE_ARCH = YES;
				SDKROOT = iphoneos;
				SWIFT_OPTIMIZATION_LEVEL = "-Onone";
				TARGETED_DEVICE_FAMILY = "1,2";
			};
			name = Debug;
		};
		884A39041CB1678C00627882 /* Release */ = {
			isa = XCBuildConfiguration;
			buildSettings = {
				ALWAYS_SEARCH_USER_PATHS = NO;
				CLANG_ANALYZER_NONNULL = YES;
				CLANG_CXX_LANGUAGE_STANDARD = "gnu++0x";
				CLANG_CXX_LIBRARY = "libc++";
				CLANG_ENABLE_MODULES = YES;
				CLANG_ENABLE_OBJC_ARC = YES;
				CLANG_WARN_BOOL_CONVERSION = YES;
				CLANG_WARN_CONSTANT_CONVERSION = YES;
				CLANG_WARN_DIRECT_OBJC_ISA_USAGE = YES_ERROR;
				CLANG_WARN_EMPTY_BODY = YES;
				CLANG_WARN_ENUM_CONVERSION = YES;
				CLANG_WARN_INT_CONVERSION = YES;
				CLANG_WARN_OBJC_ROOT_CLASS = YES_ERROR;
				CLANG_WARN_UNREACHABLE_CODE = YES;
				CLANG_WARN__DUPLICATE_METHOD_MATCH = YES;
				"CODE_SIGN_IDENTITY[sdk=iphoneos*]" = "iPhone Developer";
				COPY_PHASE_STRIP = NO;
				DEBUG_INFORMATION_FORMAT = "dwarf-with-dsym";
				ENABLE_NS_ASSERTIONS = NO;
				ENABLE_STRICT_OBJC_MSGSEND = YES;
				GCC_C_LANGUAGE_STANDARD = gnu99;
				GCC_NO_COMMON_BLOCKS = YES;
				GCC_WARN_64_TO_32_BIT_CONVERSION = YES;
				GCC_WARN_ABOUT_RETURN_TYPE = YES_ERROR;
				GCC_WARN_UNDECLARED_SELECTOR = YES;
				GCC_WARN_UNINITIALIZED_AUTOS = YES_AGGRESSIVE;
				GCC_WARN_UNUSED_FUNCTION = YES;
				GCC_WARN_UNUSED_VARIABLE = YES;
				IPHONEOS_DEPLOYMENT_TARGET = 9.3;
				MTL_ENABLE_DEBUG_INFO = NO;
				SDKROOT = iphoneos;
				TARGETED_DEVICE_FAMILY = "1,2";
				VALIDATE_PRODUCT = YES;
			};
			name = Release;
		};
		884A39061CB1678C00627882 /* Debug */ = {
			isa = XCBuildConfiguration;
			buildSettings = {
				ASSETCATALOG_COMPILER_APPICON_NAME = AppIcon;
				CODE_SIGN_IDENTITY = "iPhone Developer";
				"CODE_SIGN_IDENTITY[sdk=iphoneos*]" = "iPhone Developer";
				INFOPLIST_FILE = openSensorApp/Info.plist;
				LD_RUNPATH_SEARCH_PATHS = "$(inherited) @executable_path/Frameworks";
				PRODUCT_BUNDLE_IDENTIFIER = oubakiou.openSensorApp;
				PRODUCT_NAME = "$(TARGET_NAME)";
				PROVISIONING_PROFILE = "";
			};
			name = Debug;
		};
		884A39071CB1678C00627882 /* Release */ = {
			isa = XCBuildConfiguration;
			buildSettings = {
				ASSETCATALOG_COMPILER_APPICON_NAME = AppIcon;
				CODE_SIGN_IDENTITY = "iPhone Developer";
				"CODE_SIGN_IDENTITY[sdk=iphoneos*]" = "iPhone Developer";
				INFOPLIST_FILE = openSensorApp/Info.plist;
				LD_RUNPATH_SEARCH_PATHS = "$(inherited) @executable_path/Frameworks";
				PRODUCT_BUNDLE_IDENTIFIER = oubakiou.openSensorApp;
				PRODUCT_NAME = "$(TARGET_NAME)";
				PROVISIONING_PROFILE = "";
			};
			name = Release;
		};
		884A39091CB1678C00627882 /* Debug */ = {
			isa = XCBuildConfiguration;
			buildSettings = {
				BUNDLE_LOADER = "$(TEST_HOST)";
				INFOPLIST_FILE = openSensorAppTests/Info.plist;
				LD_RUNPATH_SEARCH_PATHS = "$(inherited) @executable_path/Frameworks @loader_path/Frameworks";
				PRODUCT_BUNDLE_IDENTIFIER = oubakiou.openSensorAppTests;
				PRODUCT_NAME = "$(TARGET_NAME)";
				TEST_HOST = "$(BUILT_PRODUCTS_DIR)/openSensorApp.app/openSensorApp";
			};
			name = Debug;
		};
		884A390A1CB1678C00627882 /* Release */ = {
			isa = XCBuildConfiguration;
			buildSettings = {
				BUNDLE_LOADER = "$(TEST_HOST)";
				INFOPLIST_FILE = openSensorAppTests/Info.plist;
				LD_RUNPATH_SEARCH_PATHS = "$(inherited) @executable_path/Frameworks @loader_path/Frameworks";
				PRODUCT_BUNDLE_IDENTIFIER = oubakiou.openSensorAppTests;
				PRODUCT_NAME = "$(TARGET_NAME)";
				TEST_HOST = "$(BUILT_PRODUCTS_DIR)/openSensorApp.app/openSensorApp";
			};
			name = Release;
		};
		884A390C1CB1678C00627882 /* Debug */ = {
			isa = XCBuildConfiguration;
			buildSettings = {
				INFOPLIST_FILE = openSensorAppUITests/Info.plist;
				LD_RUNPATH_SEARCH_PATHS = "$(inherited) @executable_path/Frameworks @loader_path/Frameworks";
				PRODUCT_BUNDLE_IDENTIFIER = oubakiou.openSensorAppUITests;
				PRODUCT_NAME = "$(TARGET_NAME)";
				TEST_TARGET_NAME = openSensorApp;
			};
			name = Debug;
		};
		884A390D1CB1678C00627882 /* Release */ = {
			isa = XCBuildConfiguration;
			buildSettings = {
				INFOPLIST_FILE = openSensorAppUITests/Info.plist;
				LD_RUNPATH_SEARCH_PATHS = "$(inherited) @executable_path/Frameworks @loader_path/Frameworks";
				PRODUCT_BUNDLE_IDENTIFIER = oubakiou.openSensorAppUITests;
				PRODUCT_NAME = "$(TARGET_NAME)";
				TEST_TARGET_NAME = openSensorApp;
			};
			name = Release;
		};
/* End XCBuildConfiguration section */

/* Begin XCConfigurationList section */
		884A38D81CB1678C00627882 /* Build configuration list for PBXProject "openSensorApp" */ = {
			isa = XCConfigurationList;
			buildConfigurations = (
				884A39031CB1678C00627882 /* Debug */,
				884A39041CB1678C00627882 /* Release */,
			);
			defaultConfigurationIsVisible = 0;
			defaultConfigurationName = Release;
		};
		884A39051CB1678C00627882 /* Build configuration list for PBXNativeTarget "openSensorApp" */ = {
			isa = XCConfigurationList;
			buildConfigurations = (
				884A39061CB1678C00627882 /* Debug */,
				884A39071CB1678C00627882 /* Release */,
			);
			defaultConfigurationIsVisible = 0;
			defaultConfigurationName = Release;
		};
		884A39081CB1678C00627882 /* Build configuration list for PBXNativeTarget "openSensorAppTests" */ = {
			isa = XCConfigurationList;
			buildConfigurations = (
				884A39091CB1678C00627882 /* Debug */,
				884A390A1CB1678C00627882 /* Release */,
			);
			defaultConfigurationIsVisible = 0;
			defaultConfigurationName = Release;
		};
		884A390B1CB1678C00627882 /* Build configuration list for PBXNativeTarget "openSensorAppUITests" */ = {
			isa = XCConfigurationList;
			buildConfigurations = (
				884A390C1CB1678C00627882 /* Debug */,
				884A390D1CB1678C00627882 /* Release */,
			);
			defaultConfigurationIsVisible = 0;
			defaultConfigurationName = Release;
		};
/* End XCConfigurationList section */
	};
	rootObject = 884A38D51CB1678C00627882 /* Project object */;
}
